// !$*UTF8*$!
{
	archiveVersion = 1;
	classes = {
	};
	objectVersion = 55;
	objects = {

/* Begin PBXBuildFile section */
		3B3F50BE71C6C187453FD483 /* Pods_FavMovie.framework in Frameworks */ = {isa = PBXBuildFile; fileRef = D29CCD79877B9C22616F16B3 /* Pods_FavMovie.framework */; };
		6AC5A81128BF61C80056CB92 /* AppDelegate.swift in Sources */ = {isa = PBXBuildFile; fileRef = 6AC5A81028BF61C80056CB92 /* AppDelegate.swift */; };
		6AC5A81328BF61C80056CB92 /* SceneDelegate.swift in Sources */ = {isa = PBXBuildFile; fileRef = 6AC5A81228BF61C80056CB92 /* SceneDelegate.swift */; };
		6AC5A81528BF61C90056CB92 /* ViewController.swift in Sources */ = {isa = PBXBuildFile; fileRef = 6AC5A81428BF61C90056CB92 /* ViewController.swift */; };
		6AC5A81828BF61C90056CB92 /* Main.storyboard in Resources */ = {isa = PBXBuildFile; fileRef = 6AC5A81628BF61C90056CB92 /* Main.storyboard */; };
		6AC5A81A28BF61C90056CB92 /* Assets.xcassets in Resources */ = {isa = PBXBuildFile; fileRef = 6AC5A81928BF61C90056CB92 /* Assets.xcassets */; };
		6AC5A81D28BF61C90056CB92 /* LaunchScreen.storyboard in Resources */ = {isa = PBXBuildFile; fileRef = 6AC5A81B28BF61C90056CB92 /* LaunchScreen.storyboard */; };
		6AC5A82B28BF737D0056CB92 /* MovieModel.xcdatamodeld in Sources */ = {isa = PBXBuildFile; fileRef = 6AC5A82928BF737D0056CB92 /* MovieModel.xcdatamodeld */; };
/* End PBXBuildFile section */

/* Begin PBXFileReference section */
		5FD7709680FA7A47D38B5F3E /* Pods-FavMovie.release.xcconfig */ = {isa = PBXFileReference; includeInIndex = 1; lastKnownFileType = text.xcconfig; name = "Pods-FavMovie.release.xcconfig"; path = "Target Support Files/Pods-FavMovie/Pods-FavMovie.release.xcconfig"; sourceTree = "<group>"; };
		6AC5A80D28BF61C80056CB92 /* FavMovie.app */ = {isa = PBXFileReference; explicitFileType = wrapper.application; includeInIndex = 0; path = FavMovie.app; sourceTree = BUILT_PRODUCTS_DIR; };
		6AC5A81028BF61C80056CB92 /* AppDelegate.swift */ = {isa = PBXFileReference; lastKnownFileType = sourcecode.swift; path = AppDelegate.swift; sourceTree = "<group>"; };
		6AC5A81228BF61C80056CB92 /* SceneDelegate.swift */ = {isa = PBXFileReference; lastKnownFileType = sourcecode.swift; path = SceneDelegate.swift; sourceTree = "<group>"; };
		6AC5A81428BF61C90056CB92 /* ViewController.swift */ = {isa = PBXFileReference; lastKnownFileType = sourcecode.swift; path = ViewController.swift; sourceTree = "<group>"; };
		6AC5A81728BF61C90056CB92 /* Base */ = {isa = PBXFileReference; lastKnownFileType = file.storyboard; name = Base; path = Base.lproj/Main.storyboard; sourceTree = "<group>"; };
		6AC5A81928BF61C90056CB92 /* Assets.xcassets */ = {isa = PBXFileReference; lastKnownFileType = folder.assetcatalog; path = Assets.xcassets; sourceTree = "<group>"; };
		6AC5A81C28BF61C90056CB92 /* Base */ = {isa = PBXFileReference; lastKnownFileType = file.storyboard; name = Base; path = Base.lproj/LaunchScreen.storyboard; sourceTree = "<group>"; };
		6AC5A81E28BF61C90056CB92 /* Info.plist */ = {isa = PBXFileReference; lastKnownFileType = text.plist.xml; path = Info.plist; sourceTree = "<group>"; };
		6AC5A82A28BF737D0056CB92 /* MovieModel.xcdatamodel */ = {isa = PBXFileReference; lastKnownFileType = wrapper.xcdatamodel; path = MovieModel.xcdatamodel; sourceTree = "<group>"; };
		724CDFB7581B9631B3E85B6B /* Pods-FavMovie.debug.xcconfig */ = {isa = PBXFileReference; includeInIndex = 1; lastKnownFileType = text.xcconfig; name = "Pods-FavMovie.debug.xcconfig"; path = "Target Support Files/Pods-FavMovie/Pods-FavMovie.debug.xcconfig"; sourceTree = "<group>"; };
		D29CCD79877B9C22616F16B3 /* Pods_FavMovie.framework */ = {isa = PBXFileReference; explicitFileType = wrapper.framework; includeInIndex = 0; path = Pods_FavMovie.framework; sourceTree = BUILT_PRODUCTS_DIR; };
/* End PBXFileReference section */

/* Begin PBXFrameworksBuildPhase section */
		6AC5A80A28BF61C80056CB92 /* Frameworks */ = {
			isa = PBXFrameworksBuildPhase;
			buildActionMask = 2147483647;
			files = (
				3B3F50BE71C6C187453FD483 /* Pods_FavMovie.framework in Frameworks */,
			);
			runOnlyForDeploymentPostprocessing = 0;
		};
/* End PBXFrameworksBuildPhase section */

/* Begin PBXGroup section */
		4A8F3A451C21C28238DFF892 /* Frameworks */ = {
			isa = PBXGroup;
			children = (
				D29CCD79877B9C22616F16B3 /* Pods_FavMovie.framework */,
			);
			name = Frameworks;
			sourceTree = "<group>";
		};
		6AC5A80428BF61C80056CB92 = {
			isa = PBXGroup;
			children = (
				6AC5A80F28BF61C80056CB92 /* FavMovie */,
				6AC5A80E28BF61C80056CB92 /* Products */,
				C1560418E5FB6CAEF9476B4C /* Pods */,
				4A8F3A451C21C28238DFF892 /* Frameworks */,
			);
			sourceTree = "<group>";
		};
		6AC5A80E28BF61C80056CB92 /* Products */ = {
			isa = PBXGroup;
			children = (
				6AC5A80D28BF61C80056CB92 /* FavMovie.app */,
			);
			name = Products;
			sourceTree = "<group>";
		};
		6AC5A80F28BF61C80056CB92 /* FavMovie */ = {
			isa = PBXGroup;
			children = (
				6AC5A81028BF61C80056CB92 /* AppDelegate.swift */,
				6AC5A81228BF61C80056CB92 /* SceneDelegate.swift */,
				6AC5A82628BF66280056CB92 /* Model */,
				6AC5A82728BF66320056CB92 /* View */,
				6AC5A82828BF663D0056CB92 /* Controller */,
				6AC5A81928BF61C90056CB92 /* Assets.xcassets */,
				6AC5A81B28BF61C90056CB92 /* LaunchScreen.storyboard */,
				6AC5A81E28BF61C90056CB92 /* Info.plist */,
			);
			path = FavMovie;
			sourceTree = "<group>";
		};
		6AC5A82628BF66280056CB92 /* Model */ = {
			isa = PBXGroup;
			children = (
				6AC5A82928BF737D0056CB92 /* MovieModel.xcdatamodeld */,
			);
			path = Model;
			sourceTree = "<group>";
		};
		6AC5A82728BF66320056CB92 /* View */ = {
			isa = PBXGroup;
			children = (
				6AC5A81628BF61C90056CB92 /* Main.storyboard */,
			);
			path = View;
			sourceTree = "<group>";
		};
		6AC5A82828BF663D0056CB92 /* Controller */ = {
			isa = PBXGroup;
			children = (
				6AC5A81428BF61C90056CB92 /* ViewController.swift */,
			);
			path = Controller;
			sourceTree = "<group>";
		};
		C1560418E5FB6CAEF9476B4C /* Pods */ = {
			isa = PBXGroup;
			children = (
				724CDFB7581B9631B3E85B6B /* Pods-FavMovie.debug.xcconfig */,
				5FD7709680FA7A47D38B5F3E /* Pods-FavMovie.release.xcconfig */,
			);
			path = Pods;
			sourceTree = "<group>";
		};
/* End PBXGroup section */

/* Begin PBXNativeTarget section */
		6AC5A80C28BF61C80056CB92 /* FavMovie */ = {
			isa = PBXNativeTarget;
			buildConfigurationList = 6AC5A82128BF61C90056CB92 /* Build configuration list for PBXNativeTarget "FavMovie" */;
			buildPhases = (
				E5CFCEE4F05B5A9F982C541D /* [CP] Check Pods Manifest.lock */,
				6AC5A80928BF61C80056CB92 /* Sources */,
				6AC5A80A28BF61C80056CB92 /* Frameworks */,
				6AC5A80B28BF61C80056CB92 /* Resources */,
				AC3F3330278B4ECC9663751D /* [CP] Embed Pods Frameworks */,
			);
			buildRules = (
			);
			dependencies = (
			);
			name = FavMovie;
			productName = FavMovie;
			productReference = 6AC5A80D28BF61C80056CB92 /* FavMovie.app */;
			productType = "com.apple.product-type.application";
		};
/* End PBXNativeTarget section */

/* Begin PBXProject section */
		6AC5A80528BF61C80056CB92 /* Project object */ = {
			isa = PBXProject;
			attributes = {
				BuildIndependentTargetsInParallel = 1;
				LastSwiftUpdateCheck = 1340;
				LastUpgradeCheck = 1340;
				TargetAttributes = {
					6AC5A80C28BF61C80056CB92 = {
						CreatedOnToolsVersion = 13.4.1;
					};
				};
			};
			buildConfigurationList = 6AC5A80828BF61C80056CB92 /* Build configuration list for PBXProject "FavMovie" */;
			compatibilityVersion = "Xcode 13.0";
			developmentRegion = en;
			hasScannedForEncodings = 0;
			knownRegions = (
				en,
				Base,
			);
			mainGroup = 6AC5A80428BF61C80056CB92;
			productRefGroup = 6AC5A80E28BF61C80056CB92 /* Products */;
			projectDirPath = "";
			projectRoot = "";
			targets = (
				6AC5A80C28BF61C80056CB92 /* FavMovie */,
			);
		};
/* End PBXProject section */

/* Begin PBXResourcesBuildPhase section */
		6AC5A80B28BF61C80056CB92 /* Resources */ = {
			isa = PBXResourcesBuildPhase;
			buildActionMask = 2147483647;
			files = (
				6AC5A81D28BF61C90056CB92 /* LaunchScreen.storyboard in Resources */,
				6AC5A81A28BF61C90056CB92 /* Assets.xcassets in Resources */,
				6AC5A81828BF61C90056CB92 /* Main.storyboard in Resources */,
			);
			runOnlyForDeploymentPostprocessing = 0;
		};
/* End PBXResourcesBuildPhase section */

/* Begin PBXShellScriptBuildPhase section */
		AC3F3330278B4ECC9663751D /* [CP] Embed Pods Frameworks */ = {
			isa = PBXShellScriptBuildPhase;
			buildActionMask = 2147483647;
			files = (
			);
			inputFileListPaths = (
				"${PODS_ROOT}/Target Support Files/Pods-FavMovie/Pods-FavMovie-frameworks-${CONFIGURATION}-input-files.xcfilelist",
			);
			name = "[CP] Embed Pods Frameworks";
			outputFileListPaths = (
				"${PODS_ROOT}/Target Support Files/Pods-FavMovie/Pods-FavMovie-frameworks-${CONFIGURATION}-output-files.xcfilelist",
			);
			runOnlyForDeploymentPostprocessing = 0;
			shellPath = /bin/sh;
			shellScript = "\"${PODS_ROOT}/Target Support Files/Pods-FavMovie/Pods-FavMovie-frameworks.sh\"\n";
			showEnvVarsInLog = 0;
		};
		E5CFCEE4F05B5A9F982C541D /* [CP] Check Pods Manifest.lock */ = {
			isa = PBXShellScriptBuildPhase;
			buildActionMask = 2147483647;
			files = (
			);
			inputFileListPaths = (
			);
			inputPaths = (
				"${PODS_PODFILE_DIR_PATH}/Podfile.lock",
				"${PODS_ROOT}/Manifest.lock",
			);
			name = "[CP] Check Pods Manifest.lock";
			outputFileListPaths = (
			);
			outputPaths = (
				"$(DERIVED_FILE_DIR)/Pods-FavMovie-checkManifestLockResult.txt",
			);
			runOnlyForDeploymentPostprocessing = 0;
			shellPath = /bin/sh;
			shellScript = "diff \"${PODS_PODFILE_DIR_PATH}/Podfile.lock\" \"${PODS_ROOT}/Manifest.lock\" > /dev/null\nif [ $? != 0 ] ; then\n    # print error to STDERR\n    echo \"error: The sandbox is not in sync with the Podfile.lock. Run 'pod install' or update your CocoaPods installation.\" >&2\n    exit 1\nfi\n# This output is used by Xcode 'outputs' to avoid re-running this script phase.\necho \"SUCCESS\" > \"${SCRIPT_OUTPUT_FILE_0}\"\n";
			showEnvVarsInLog = 0;
		};
/* End PBXShellScriptBuildPhase section */

/* Begin PBXSourcesBuildPhase section */
		6AC5A80928BF61C80056CB92 /* Sources */ = {
			isa = PBXSourcesBuildPhase;
			buildActionMask = 2147483647;
			files = (
				6AC5A81528BF61C90056CB92 /* ViewController.swift in Sources */,
				6AC5A81128BF61C80056CB92 /* AppDelegate.swift in Sources */,
				6AC5A81328BF61C80056CB92 /* SceneDelegate.swift in Sources */,
				6AC5A82B28BF737D0056CB92 /* MovieModel.xcdatamodeld in Sources */,
			);
			runOnlyForDeploymentPostprocessing = 0;
		};
/* End PBXSourcesBuildPhase section */

/* Begin PBXVariantGroup section */
		6AC5A81628BF61C90056CB92 /* Main.storyboard */ = {
			isa = PBXVariantGroup;
			children = (
				6AC5A81728BF61C90056CB92 /* Base */,
			);
			name = Main.storyboard;
			sourceTree = "<group>";
		};
		6AC5A81B28BF61C90056CB92 /* LaunchScreen.storyboard */ = {
			isa = PBXVariantGroup;
			children = (
				6AC5A81C28BF61C90056CB92 /* Base */,
			);
			name = LaunchScreen.storyboard;
			sourceTree = "<group>";
		};
/* End PBXVariantGroup section */

/* Begin XCBuildConfiguration section */
		6AC5A81F28BF61C90056CB92 /* Debug */ = {
			isa = XCBuildConfiguration;
			buildSettings = {
				ALWAYS_SEARCH_USER_PATHS = NO;
				CLANG_ANALYZER_NONNULL = YES;
				CLANG_ANALYZER_NUMBER_OBJECT_CONVERSION = YES_AGGRESSIVE;
				CLANG_CXX_LANGUAGE_STANDARD = "gnu++17";
				CLANG_ENABLE_MODULES = YES;
				CLANG_ENABLE_OBJC_ARC = YES;
				CLANG_ENABLE_OBJC_WEAK = YES;
				CLANG_WARN_BLOCK_CAPTURE_AUTORELEASING = YES;
				CLANG_WARN_BOOL_CONVERSION = YES;
				CLANG_WARN_COMMA = YES;
				CLANG_WARN_CONSTANT_CONVERSION = YES;
				CLANG_WARN_DEPRECATED_OBJC_IMPLEMENTATIONS = YES;
				CLANG_WARN_DIRECT_OBJC_ISA_USAGE = YES_ERROR;
				CLANG_WARN_DOCUMENTATION_COMMENTS = YES;
				CLANG_WARN_EMPTY_BODY = YES;
				CLANG_WARN_ENUM_CONVERSION = YES;
				CLANG_WARN_INFINITE_RECURSION = YES;
				CLANG_WARN_INT_CONVERSION = YES;
				CLANG_WARN_NON_LITERAL_NULL_CONVERSION = YES;
				CLANG_WARN_OBJC_IMPLICIT_RETAIN_SELF = YES;
				CLANG_WARN_OBJC_LITERAL_CONVERSION = YES;
				CLANG_WARN_OBJC_ROOT_CLASS = YES_ERROR;
				CLANG_WARN_QUOTED_INCLUDE_IN_FRAMEWORK_HEADER = YES;
				CLANG_WARN_RANGE_LOOP_ANALYSIS = YES;
				CLANG_WARN_STRICT_PROTOTYPES = YES;
				CLANG_WARN_SUSPICIOUS_MOVE = YES;
				CLANG_WARN_UNGUARDED_AVAILABILITY = YES_AGGRESSIVE;
				CLANG_WARN_UNREACHABLE_CODE = YES;
				CLANG_WARN__DUPLICATE_METHOD_MATCH = YES;
				COPY_PHASE_STRIP = NO;
				DEBUG_INFORMATION_FORMAT = dwarf;
				ENABLE_STRICT_OBJC_MSGSEND = YES;
				ENABLE_TESTABILITY = YES;
				GCC_C_LANGUAGE_STANDARD = gnu11;
				GCC_DYNAMIC_NO_PIC = NO;
				GCC_NO_COMMON_BLOCKS = YES;
				GCC_OPTIMIZATION_LEVEL = 0;
				GCC_PREPROCESSOR_DEFINITIONS = (
					"DEBUG=1",
					"$(inherited)",
				);
				GCC_WARN_64_TO_32_BIT_CONVERSION = YES;
				GCC_WARN_ABOUT_RETURN_TYPE = YES_ERROR;
				GCC_WARN_UNDECLARED_SELECTOR = YES;
				GCC_WARN_UNINITIALIZED_AUTOS = YES_AGGRESSIVE;
				GCC_WARN_UNUSED_FUNCTION = YES;
				GCC_WARN_UNUSED_VARIABLE = YES;
				IPHONEOS_DEPLOYMENT_TARGET = 15.5;
				MTL_ENABLE_DEBUG_INFO = INCLUDE_SOURCE;
				MTL_FAST_MATH = YES;
				ONLY_ACTIVE_ARCH = YES;
				SDKROOT = iphoneos;
				SWIFT_ACTIVE_COMPILATION_CONDITIONS = DEBUG;
				SWIFT_OPTIMIZATION_LEVEL = "-Onone";
			};
			name = Debug;
		};
		6AC5A82028BF61C90056CB92 /* Release */ = {
			isa = XCBuildConfiguration;
			buildSettings = {
				ALWAYS_SEARCH_USER_PATHS = NO;
				CLANG_ANALYZER_NONNULL = YES;
				CLANG_ANALYZER_NUMBER_OBJECT_CONVERSION = YES_AGGRESSIVE;
				CLANG_CXX_LANGUAGE_STANDARD = "gnu++17";
				CLANG_ENABLE_MODULES = YES;
				CLANG_ENABLE_OBJC_ARC = YES;
				CLANG_ENABLE_OBJC_WEAK = YES;
				CLANG_WARN_BLOCK_CAPTURE_AUTORELEASING = YES;
				CLANG_WARN_BOOL_CONVERSION = YES;
				CLANG_WARN_COMMA = YES;
				CLANG_WARN_CONSTANT_CONVERSION = YES;
				CLANG_WARN_DEPRECATED_OBJC_IMPLEMENTATIONS = YES;
				CLANG_WARN_DIRECT_OBJC_ISA_USAGE = YES_ERROR;
				CLANG_WARN_DOCUMENTATION_COMMENTS = YES;
				CLANG_WARN_EMPTY_BODY = YES;
				CLANG_WARN_ENUM_CONVERSION = YES;
				CLANG_WARN_INFINITE_RECURSION = YES;
				CLANG_WARN_INT_CONVERSION = YES;
				CLANG_WARN_NON_LITERAL_NULL_CONVERSION = YES;
				CLANG_WARN_OBJC_IMPLICIT_RETAIN_SELF = YES;
				CLANG_WARN_OBJC_LITERAL_CONVERSION = YES;
				CLANG_WARN_OBJC_ROOT_CLASS = YES_ERROR;
				CLANG_WARN_QUOTED_INCLUDE_IN_FRAMEWORK_HEADER = YES;
				CLANG_WARN_RANGE_LOOP_ANALYSIS = YES;
				CLANG_WARN_STRICT_PROTOTYPES = YES;
				CLANG_WARN_SUSPICIOUS_MOVE = YES;
				CLANG_WARN_UNGUARDED_AVAILABILITY = YES_AGGRESSIVE;
				CLANG_WARN_UNREACHABLE_CODE = YES;
				CLANG_WARN__DUPLICATE_METHOD_MATCH = YES;
				COPY_PHASE_STRIP = NO;
				DEBUG_INFORMATION_FORMAT = "dwarf-with-dsym";
				ENABLE_NS_ASSERTIONS = NO;
				ENABLE_STRICT_OBJC_MSGSEND = YES;
				GCC_C_LANGUAGE_STANDARD = gnu11;
				GCC_NO_COMMON_BLOCKS = YES;
				GCC_WARN_64_TO_32_BIT_CONVERSION = YES;
				GCC_WARN_ABOUT_RETURN_TYPE = YES_ERROR;
				GCC_WARN_UNDECLARED_SELECTOR = YES;
				GCC_WARN_UNINITIALIZED_AUTOS = YES_AGGRESSIVE;
				GCC_WARN_UNUSED_FUNCTION = YES;
				GCC_WARN_UNUSED_VARIABLE = YES;
				IPHONEOS_DEPLOYMENT_TARGET = 15.5;
				MTL_ENABLE_DEBUG_INFO = NO;
				MTL_FAST_MATH = YES;
				SDKROOT = iphoneos;
				SWIFT_COMPILATION_MODE = wholemodule;
				SWIFT_OPTIMIZATION_LEVEL = "-O";
				VALIDATE_PRODUCT = YES;
			};
			name = Release;
		};
		6AC5A82228BF61C90056CB92 /* Debug */ = {
			isa = XCBuildConfiguration;
			baseConfigurationReference = 724CDFB7581B9631B3E85B6B /* Pods-FavMovie.debug.xcconfig */;
			buildSettings = {
				ASSETCATALOG_COMPILER_APPICON_NAME = AppIcon;
				ASSETCATALOG_COMPILER_GLOBAL_ACCENT_COLOR_NAME = AccentColor;
				CODE_SIGN_STYLE = Automatic;
				CURRENT_PROJECT_VERSION = 1;
				DEVELOPMENT_TEAM = SQ3CQSAXZS;
				GENERATE_INFOPLIST_FILE = YES;
				INFOPLIST_FILE = FavMovie/Info.plist;
				INFOPLIST_KEY_UIApplicationSupportsIndirectInputEvents = YES;
				INFOPLIST_KEY_UILaunchStoryboardName = LaunchScreen;
				INFOPLIST_KEY_UIMainStoryboardFile = Main;
				INFOPLIST_KEY_UISupportedInterfaceOrientations_iPad = "UIInterfaceOrientationPortrait UIInterfaceOrientationPortraitUpsideDown UIInterfaceOrientationLandscapeLeft UIInterfaceOrientationLandscapeRight";
				INFOPLIST_KEY_UISupportedInterfaceOrientations_iPhone = "UIInterfaceOrientationPortrait UIInterfaceOrientationLandscapeLeft UIInterfaceOrientationLandscapeRight";
				LD_RUNPATH_SEARCH_PATHS = (
					"$(inherited)",
					"@executable_path/Frameworks",
				);
				MARKETING_VERSION = 1.0;
				PRODUCT_BUNDLE_IDENTIFIER = com.polinat.FavMovie;
				PRODUCT_NAME = "$(TARGET_NAME)";
				SWIFT_EMIT_LOC_STRINGS = YES;
				SWIFT_VERSION = 5.0;
				TARGETED_DEVICE_FAMILY = "1,2";
			};
			name = Debug;
		};
		6AC5A82328BF61C90056CB92 /* Release */ = {
			isa = XCBuildConfiguration;
			baseConfigurationReference = 5FD7709680FA7A47D38B5F3E /* Pods-FavMovie.release.xcconfig */;
			buildSettings = {
				ASSETCATALOG_COMPILER_APPICON_NAME = AppIcon;
				ASSETCATALOG_COMPILER_GLOBAL_ACCENT_COLOR_NAME = AccentColor;
				CODE_SIGN_STYLE = Automatic;
				CURRENT_PROJECT_VERSION = 1;
				DEVELOPMENT_TEAM = SQ3CQSAXZS;
				GENERATE_INFOPLIST_FILE = YES;
				INFOPLIST_FILE = FavMovie/Info.plist;
				INFOPLIST_KEY_UIApplicationSupportsIndirectInputEvents = YES;
				INFOPLIST_KEY_UILaunchStoryboardName = LaunchScreen;
				INFOPLIST_KEY_UIMainStoryboardFile = Main;
				INFOPLIST_KEY_UISupportedInterfaceOrientations_iPad = "UIInterfaceOrientationPortrait UIInterfaceOrientationPortraitUpsideDown UIInterfaceOrientationLandscapeLeft UIInterfaceOrientationLandscapeRight";
				INFOPLIST_KEY_UISupportedInterfaceOrientations_iPhone = "UIInterfaceOrientationPortrait UIInterfaceOrientationLandscapeLeft UIInterfaceOrientationLandscapeRight";
				LD_RUNPATH_SEARCH_PATHS = (
					"$(inherited)",
					"@executable_path/Frameworks",
				);
				MARKETING_VERSION = 1.0;
				PRODUCT_BUNDLE_IDENTIFIER = com.polinat.FavMovie;
				PRODUCT_NAME = "$(TARGET_NAME)";
				SWIFT_EMIT_LOC_STRINGS = YES;
				SWIFT_VERSION = 5.0;
				TARGETED_DEVICE_FAMILY = "1,2";
			};
			name = Release;
		};
/* End XCBuildConfiguration section */

/* Begin XCConfigurationList section */
		6AC5A80828BF61C80056CB92 /* Build configuration list for PBXProject "FavMovie" */ = {
			isa = XCConfigurationList;
			buildConfigurations = (
				6AC5A81F28BF61C90056CB92 /* Debug */,
				6AC5A82028BF61C90056CB92 /* Release */,
			);
			defaultConfigurationIsVisible = 0;
			defaultConfigurationName = Release;
		};
		6AC5A82128BF61C90056CB92 /* Build configuration list for PBXNativeTarget "FavMovie" */ = {
			isa = XCConfigurationList;
			buildConfigurations = (
				6AC5A82228BF61C90056CB92 /* Debug */,
				6AC5A82328BF61C90056CB92 /* Release */,
			);
			defaultConfigurationIsVisible = 0;
			defaultConfigurationName = Release;
		};
/* End XCConfigurationList section */

/* Begin XCVersionGroup section */
		6AC5A82928BF737D0056CB92 /* MovieModel.xcdatamodeld */ = {
			isa = XCVersionGroup;
			children = (
				6AC5A82A28BF737D0056CB92 /* MovieModel.xcdatamodel */,
			);
			currentVersion = 6AC5A82A28BF737D0056CB92 /* MovieModel.xcdatamodel */;
			name = MovieModel.xcdatamodeld;
			path = ../Controller/MovieModel.xcdatamodeld;
			sourceTree = "<group>";
			versionGroupType = wrapper.xcdatamodel;
		};
/* End XCVersionGroup section */
	};
	rootObject = 6AC5A80528BF61C80056CB92 /* Project object */;
}
